// !$*UTF8*$!
{
	archiveVersion = 1;
	classes = {
	};
	objectVersion = 56;
	objects = {

/* Begin PBXBuildFile section */
		627BDA422B46E1EE00AF2190 /* TodoListApp.swift in Sources */ = {isa = PBXBuildFile; fileRef = 627BDA412B46E1EE00AF2190 /* TodoListApp.swift */; };
		627BDA442B46E1EE00AF2190 /* ContentView.swift in Sources */ = {isa = PBXBuildFile; fileRef = 627BDA432B46E1EE00AF2190 /* ContentView.swift */; };
		627BDA462B46E1EF00AF2190 /* Assets.xcassets in Resources */ = {isa = PBXBuildFile; fileRef = 627BDA452B46E1EF00AF2190 /* Assets.xcassets */; };
		627BDA492B46E1EF00AF2190 /* Preview Assets.xcassets in Resources */ = {isa = PBXBuildFile; fileRef = 627BDA482B46E1EF00AF2190 /* Preview Assets.xcassets */; };
		627BDA532B46E1F000AF2190 /* TodoListTests.swift in Sources */ = {isa = PBXBuildFile; fileRef = 627BDA522B46E1F000AF2190 /* TodoListTests.swift */; };
		627BDA5D2B46E1F000AF2190 /* TodoListUITests.swift in Sources */ = {isa = PBXBuildFile; fileRef = 627BDA5C2B46E1F000AF2190 /* TodoListUITests.swift */; };
		627BDA5F2B46E1F000AF2190 /* TodoListUITestsLaunchTests.swift in Sources */ = {isa = PBXBuildFile; fileRef = 627BDA5E2B46E1F000AF2190 /* TodoListUITestsLaunchTests.swift */; };
		627BDA6D2B46E28B00AF2190 /* Color+Utils.swift in Sources */ = {isa = PBXBuildFile; fileRef = 627BDA6C2B46E28B00AF2190 /* Color+Utils.swift */; };
		627BDA6F2B46E2C800AF2190 /* UIColor+Utils.swift in Sources */ = {isa = PBXBuildFile; fileRef = 627BDA6E2B46E2C800AF2190 /* UIColor+Utils.swift */; };
		627BDA712B46E33300AF2190 /* CGFloat+Random.swift in Sources */ = {isa = PBXBuildFile; fileRef = 627BDA702B46E33300AF2190 /* CGFloat+Random.swift */; };
		627BDA732B46E36800AF2190 /* UIImage+Color.swift in Sources */ = {isa = PBXBuildFile; fileRef = 627BDA722B46E36800AF2190 /* UIImage+Color.swift */; };
		627BDA752B46E3A800AF2190 /* Foundation+Utils.swift in Sources */ = {isa = PBXBuildFile; fileRef = 627BDA742B46E3A800AF2190 /* Foundation+Utils.swift */; };
		627BDA772B46E40600AF2190 /* View+if.swift in Sources */ = {isa = PBXBuildFile; fileRef = 627BDA762B46E40600AF2190 /* View+if.swift */; };
		627BDA792B46E49800AF2190 /* ShadowView.swift in Sources */ = {isa = PBXBuildFile; fileRef = 627BDA782B46E49800AF2190 /* ShadowView.swift */; };
		627BDA7D2B479BD100AF2190 /* Combine+Keyboard.swift in Sources */ = {isa = PBXBuildFile; fileRef = 627BDA7C2B479BD100AF2190 /* Combine+Keyboard.swift */; };
		627BDA802B479E1F00AF2190 /* User.swift in Sources */ = {isa = PBXBuildFile; fileRef = 627BDA7F2B479E1F00AF2190 /* User.swift */; };
		627BDA822B479E8600AF2190 /* Task.swift in Sources */ = {isa = PBXBuildFile; fileRef = 627BDA812B479E8600AF2190 /* Task.swift */; };
		627BDA842B479F1800AF2190 /* Category.swift in Sources */ = {isa = PBXBuildFile; fileRef = 627BDA832B479F1800AF2190 /* Category.swift */; };
		627BDA872B482F8300AF2190 /* MainViewModel.swift in Sources */ = {isa = PBXBuildFile; fileRef = 627BDA862B482F8300AF2190 /* MainViewModel.swift */; };
		627BDA8A2B4830EE00AF2190 /* AppConstants.swift in Sources */ = {isa = PBXBuildFile; fileRef = 627BDA892B4830EE00AF2190 /* AppConstants.swift */; };
		627BDA8C2B48320100AF2190 /* DateManager.swift in Sources */ = {isa = PBXBuildFile; fileRef = 627BDA8B2B48320100AF2190 /* DateManager.swift */; };
		627BDA962B48333E00AF2190 /* BungeeLayers-Regular.otf in Resources */ = {isa = PBXBuildFile; fileRef = 627BDA902B48333D00AF2190 /* BungeeLayers-Regular.otf */; };
		627BDA972B48333E00AF2190 /* Degular-Regular.ttf in Resources */ = {isa = PBXBuildFile; fileRef = 627BDA922B48333E00AF2190 /* Degular-Regular.ttf */; };
		627BDA982B48333E00AF2190 /* Degular-Bold.ttf in Resources */ = {isa = PBXBuildFile; fileRef = 627BDA932B48333E00AF2190 /* Degular-Bold.ttf */; };
		627BDA992B48333E00AF2190 /* Degular-Medium.ttf in Resources */ = {isa = PBXBuildFile; fileRef = 627BDA942B48333E00AF2190 /* Degular-Medium.ttf */; };
		627BDA9A2B48333E00AF2190 /* Degular-Semibold.ttf in Resources */ = {isa = PBXBuildFile; fileRef = 627BDA952B48333E00AF2190 /* Degular-Semibold.ttf */; };
		627BDA9D2B4835B300AF2190 /* FillRandomizer.swift in Sources */ = {isa = PBXBuildFile; fileRef = 627BDA9C2B4835B300AF2190 /* FillRandomizer.swift */; };
/* End PBXBuildFile section */

/* Begin PBXContainerItemProxy section */
		627BDA4F2B46E1F000AF2190 /* PBXContainerItemProxy */ = {
			isa = PBXContainerItemProxy;
			containerPortal = 627BDA362B46E1EE00AF2190 /* Project object */;
			proxyType = 1;
			remoteGlobalIDString = 627BDA3D2B46E1EE00AF2190;
			remoteInfo = TodoList;
		};
		627BDA592B46E1F000AF2190 /* PBXContainerItemProxy */ = {
			isa = PBXContainerItemProxy;
			containerPortal = 627BDA362B46E1EE00AF2190 /* Project object */;
			proxyType = 1;
			remoteGlobalIDString = 627BDA3D2B46E1EE00AF2190;
			remoteInfo = TodoList;
		};
/* End PBXContainerItemProxy section */

/* Begin PBXFileReference section */
		627BDA3E2B46E1EE00AF2190 /* TodoList.app */ = {isa = PBXFileReference; explicitFileType = wrapper.application; includeInIndex = 0; path = TodoList.app; sourceTree = BUILT_PRODUCTS_DIR; };
		627BDA412B46E1EE00AF2190 /* TodoListApp.swift */ = {isa = PBXFileReference; lastKnownFileType = sourcecode.swift; path = TodoListApp.swift; sourceTree = "<group>"; };
		627BDA432B46E1EE00AF2190 /* ContentView.swift */ = {isa = PBXFileReference; lastKnownFileType = sourcecode.swift; path = ContentView.swift; sourceTree = "<group>"; };
		627BDA452B46E1EF00AF2190 /* Assets.xcassets */ = {isa = PBXFileReference; lastKnownFileType = folder.assetcatalog; path = Assets.xcassets; sourceTree = "<group>"; };
		627BDA482B46E1EF00AF2190 /* Preview Assets.xcassets */ = {isa = PBXFileReference; lastKnownFileType = folder.assetcatalog; path = "Preview Assets.xcassets"; sourceTree = "<group>"; };
		627BDA4E2B46E1F000AF2190 /* TodoListTests.xctest */ = {isa = PBXFileReference; explicitFileType = wrapper.cfbundle; includeInIndex = 0; path = TodoListTests.xctest; sourceTree = BUILT_PRODUCTS_DIR; };
		627BDA522B46E1F000AF2190 /* TodoListTests.swift */ = {isa = PBXFileReference; lastKnownFileType = sourcecode.swift; path = TodoListTests.swift; sourceTree = "<group>"; };
		627BDA582B46E1F000AF2190 /* TodoListUITests.xctest */ = {isa = PBXFileReference; explicitFileType = wrapper.cfbundle; includeInIndex = 0; path = TodoListUITests.xctest; sourceTree = BUILT_PRODUCTS_DIR; };
		627BDA5C2B46E1F000AF2190 /* TodoListUITests.swift */ = {isa = PBXFileReference; lastKnownFileType = sourcecode.swift; path = TodoListUITests.swift; sourceTree = "<group>"; };
		627BDA5E2B46E1F000AF2190 /* TodoListUITestsLaunchTests.swift */ = {isa = PBXFileReference; lastKnownFileType = sourcecode.swift; path = TodoListUITestsLaunchTests.swift; sourceTree = "<group>"; };
		627BDA6C2B46E28B00AF2190 /* Color+Utils.swift */ = {isa = PBXFileReference; lastKnownFileType = sourcecode.swift; path = "Color+Utils.swift"; sourceTree = "<group>"; };
		627BDA6E2B46E2C800AF2190 /* UIColor+Utils.swift */ = {isa = PBXFileReference; lastKnownFileType = sourcecode.swift; path = "UIColor+Utils.swift"; sourceTree = "<group>"; };
		627BDA702B46E33300AF2190 /* CGFloat+Random.swift */ = {isa = PBXFileReference; lastKnownFileType = sourcecode.swift; path = "CGFloat+Random.swift"; sourceTree = "<group>"; };
		627BDA722B46E36800AF2190 /* UIImage+Color.swift */ = {isa = PBXFileReference; lastKnownFileType = sourcecode.swift; path = "UIImage+Color.swift"; sourceTree = "<group>"; };
		627BDA742B46E3A800AF2190 /* Foundation+Utils.swift */ = {isa = PBXFileReference; lastKnownFileType = sourcecode.swift; path = "Foundation+Utils.swift"; sourceTree = "<group>"; };
		627BDA762B46E40600AF2190 /* View+if.swift */ = {isa = PBXFileReference; lastKnownFileType = sourcecode.swift; path = "View+if.swift"; sourceTree = "<group>"; };
		627BDA782B46E49800AF2190 /* ShadowView.swift */ = {isa = PBXFileReference; lastKnownFileType = sourcecode.swift; path = ShadowView.swift; sourceTree = "<group>"; };
		627BDA7C2B479BD100AF2190 /* Combine+Keyboard.swift */ = {isa = PBXFileReference; lastKnownFileType = sourcecode.swift; path = "Combine+Keyboard.swift"; sourceTree = "<group>"; };
		627BDA7F2B479E1F00AF2190 /* User.swift */ = {isa = PBXFileReference; lastKnownFileType = sourcecode.swift; path = User.swift; sourceTree = "<group>"; };
		627BDA812B479E8600AF2190 /* Task.swift */ = {isa = PBXFileReference; lastKnownFileType = sourcecode.swift; path = Task.swift; sourceTree = "<group>"; };
		627BDA832B479F1800AF2190 /* Category.swift */ = {isa = PBXFileReference; lastKnownFileType = sourcecode.swift; path = Category.swift; sourceTree = "<group>"; };
		627BDA862B482F8300AF2190 /* MainViewModel.swift */ = {isa = PBXFileReference; lastKnownFileType = sourcecode.swift; path = MainViewModel.swift; sourceTree = "<group>"; };
		627BDA892B4830EE00AF2190 /* AppConstants.swift */ = {isa = PBXFileReference; lastKnownFileType = sourcecode.swift; path = AppConstants.swift; sourceTree = "<group>"; };
		627BDA8B2B48320100AF2190 /* DateManager.swift */ = {isa = PBXFileReference; lastKnownFileType = sourcecode.swift; path = DateManager.swift; sourceTree = "<group>"; };
		627BDA902B48333D00AF2190 /* BungeeLayers-Regular.otf */ = {isa = PBXFileReference; lastKnownFileType = file; path = "BungeeLayers-Regular.otf"; sourceTree = "<group>"; };
		627BDA922B48333E00AF2190 /* Degular-Regular.ttf */ = {isa = PBXFileReference; lastKnownFileType = file; path = "Degular-Regular.ttf"; sourceTree = "<group>"; };
		627BDA932B48333E00AF2190 /* Degular-Bold.ttf */ = {isa = PBXFileReference; lastKnownFileType = file; path = "Degular-Bold.ttf"; sourceTree = "<group>"; };
		627BDA942B48333E00AF2190 /* Degular-Medium.ttf */ = {isa = PBXFileReference; lastKnownFileType = file; path = "Degular-Medium.ttf"; sourceTree = "<group>"; };
		627BDA952B48333E00AF2190 /* Degular-Semibold.ttf */ = {isa = PBXFileReference; lastKnownFileType = file; path = "Degular-Semibold.ttf"; sourceTree = "<group>"; };
		627BDA9B2B48336900AF2190 /* Info.plist */ = {isa = PBXFileReference; lastKnownFileType = text.plist; path = Info.plist; sourceTree = "<group>"; };
		627BDA9C2B4835B300AF2190 /* FillRandomizer.swift */ = {isa = PBXFileReference; lastKnownFileType = sourcecode.swift; path = FillRandomizer.swift; sourceTree = "<group>"; };
/* End PBXFileReference section */

/* Begin PBXFrameworksBuildPhase section */
		627BDA3B2B46E1EE00AF2190 /* Frameworks */ = {
			isa = PBXFrameworksBuildPhase;
			buildActionMask = 2147483647;
			files = (
			);
			runOnlyForDeploymentPostprocessing = 0;
		};
		627BDA4B2B46E1F000AF2190 /* Frameworks */ = {
			isa = PBXFrameworksBuildPhase;
			buildActionMask = 2147483647;
			files = (
			);
			runOnlyForDeploymentPostprocessing = 0;
		};
		627BDA552B46E1F000AF2190 /* Frameworks */ = {
			isa = PBXFrameworksBuildPhase;
			buildActionMask = 2147483647;
			files = (
			);
			runOnlyForDeploymentPostprocessing = 0;
		};
/* End PBXFrameworksBuildPhase section */

/* Begin PBXGroup section */
		627BDA352B46E1EE00AF2190 = {
			isa = PBXGroup;
			children = (
				627BDA402B46E1EE00AF2190 /* TodoList */,
				627BDA512B46E1F000AF2190 /* TodoListTests */,
				627BDA5B2B46E1F000AF2190 /* TodoListUITests */,
				627BDA3F2B46E1EE00AF2190 /* Products */,
			);
			sourceTree = "<group>";
		};
		627BDA3F2B46E1EE00AF2190 /* Products */ = {
			isa = PBXGroup;
			children = (
				627BDA3E2B46E1EE00AF2190 /* TodoList.app */,
				627BDA4E2B46E1F000AF2190 /* TodoListTests.xctest */,
				627BDA582B46E1F000AF2190 /* TodoListUITests.xctest */,
			);
			name = Products;
			sourceTree = "<group>";
		};
		627BDA402B46E1EE00AF2190 /* TodoList */ = {
			isa = PBXGroup;
			children = (
				627BDA432B46E1EE00AF2190 /* ContentView.swift */,
				627BDA6B2B46E27500AF2190 /* Extensions */,
				627BDA9B2B48336900AF2190 /* Info.plist */,
				627BDA7E2B479E0E00AF2190 /* Models */,
				627BDA472B46E1EF00AF2190 /* Preview Content */,
				627BDA8D2B48332600AF2190 /* Resources */,
				627BDA412B46E1EE00AF2190 /* TodoListApp.swift */,
				627BDA882B4830BB00AF2190 /* Utils */,
				627BDA852B482F6E00AF2190 /* ViewModels */,
				627BDA7A2B46E4A000AF2190 /* Views */,
			);
			path = TodoList;
			sourceTree = "<group>";
		};
		627BDA472B46E1EF00AF2190 /* Preview Content */ = {
			isa = PBXGroup;
			children = (
				627BDA482B46E1EF00AF2190 /* Preview Assets.xcassets */,
			);
			path = "Preview Content";
			sourceTree = "<group>";
		};
		627BDA512B46E1F000AF2190 /* TodoListTests */ = {
			isa = PBXGroup;
			children = (
				627BDA522B46E1F000AF2190 /* TodoListTests.swift */,
			);
			path = TodoListTests;
			sourceTree = "<group>";
		};
		627BDA5B2B46E1F000AF2190 /* TodoListUITests */ = {
			isa = PBXGroup;
			children = (
				627BDA5C2B46E1F000AF2190 /* TodoListUITests.swift */,
				627BDA5E2B46E1F000AF2190 /* TodoListUITestsLaunchTests.swift */,
			);
			path = TodoListUITests;
			sourceTree = "<group>";
		};
		627BDA6B2B46E27500AF2190 /* Extensions */ = {
			isa = PBXGroup;
			children = (
				627BDA6C2B46E28B00AF2190 /* Color+Utils.swift */,
				627BDA6E2B46E2C800AF2190 /* UIColor+Utils.swift */,
				627BDA722B46E36800AF2190 /* UIImage+Color.swift */,
				627BDA742B46E3A800AF2190 /* Foundation+Utils.swift */,
				627BDA762B46E40600AF2190 /* View+if.swift */,
				627BDA702B46E33300AF2190 /* CGFloat+Random.swift */,
				627BDA7C2B479BD100AF2190 /* Combine+Keyboard.swift */,
			);
			path = Extensions;
			sourceTree = "<group>";
		};
		627BDA7A2B46E4A000AF2190 /* Views */ = {
			isa = PBXGroup;
			children = (
				627BDA7B2B46E4A700AF2190 /* Modifiers */,
			);
			path = Views;
			sourceTree = "<group>";
		};
		627BDA7B2B46E4A700AF2190 /* Modifiers */ = {
			isa = PBXGroup;
			children = (
				627BDA782B46E49800AF2190 /* ShadowView.swift */,
			);
			path = Modifiers;
			sourceTree = "<group>";
		};
		627BDA7E2B479E0E00AF2190 /* Models */ = {
			isa = PBXGroup;
			children = (
				627BDA7F2B479E1F00AF2190 /* User.swift */,
				627BDA812B479E8600AF2190 /* Task.swift */,
				627BDA832B479F1800AF2190 /* Category.swift */,
			);
			path = Models;
			sourceTree = "<group>";
		};
		627BDA852B482F6E00AF2190 /* ViewModels */ = {
			isa = PBXGroup;
			children = (
				627BDA862B482F8300AF2190 /* MainViewModel.swift */,
			);
			path = ViewModels;
			sourceTree = "<group>";
		};
		627BDA882B4830BB00AF2190 /* Utils */ = {
			isa = PBXGroup;
			children = (
				627BDA892B4830EE00AF2190 /* AppConstants.swift */,
				627BDA8B2B48320100AF2190 /* DateManager.swift */,
				627BDA9C2B4835B300AF2190 /* FillRandomizer.swift */,
			);
			path = Utils;
			sourceTree = "<group>";
		};
		627BDA8D2B48332600AF2190 /* Resources */ = {
			isa = PBXGroup;
			children = (
				627BDA452B46E1EF00AF2190 /* Assets.xcassets */,
				627BDA8E2B48333D00AF2190 /* Fonts */,
			);
			path = Resources;
			sourceTree = "<group>";
		};
		627BDA8E2B48333D00AF2190 /* Fonts */ = {
			isa = PBXGroup;
			children = (
				627BDA8F2B48333D00AF2190 /* Bungee */,
				627BDA912B48333E00AF2190 /* Degular */,
			);
			path = Fonts;
			sourceTree = "<group>";
		};
		627BDA8F2B48333D00AF2190 /* Bungee */ = {
			isa = PBXGroup;
			children = (
				627BDA902B48333D00AF2190 /* BungeeLayers-Regular.otf */,
			);
			path = Bungee;
			sourceTree = "<group>";
		};
		627BDA912B48333E00AF2190 /* Degular */ = {
			isa = PBXGroup;
			children = (
				627BDA922B48333E00AF2190 /* Degular-Regular.ttf */,
				627BDA932B48333E00AF2190 /* Degular-Bold.ttf */,
				627BDA942B48333E00AF2190 /* Degular-Medium.ttf */,
				627BDA952B48333E00AF2190 /* Degular-Semibold.ttf */,
			);
			path = Degular;
			sourceTree = "<group>";
		};
/* End PBXGroup section */

/* Begin PBXNativeTarget section */
		627BDA3D2B46E1EE00AF2190 /* TodoList */ = {
			isa = PBXNativeTarget;
			buildConfigurationList = 627BDA622B46E1F000AF2190 /* Build configuration list for PBXNativeTarget "TodoList" */;
			buildPhases = (
				627BDA3A2B46E1EE00AF2190 /* Sources */,
				627BDA3B2B46E1EE00AF2190 /* Frameworks */,
				627BDA3C2B46E1EE00AF2190 /* Resources */,
			);
			buildRules = (
			);
			dependencies = (
			);
			name = TodoList;
			productName = TodoList;
			productReference = 627BDA3E2B46E1EE00AF2190 /* TodoList.app */;
			productType = "com.apple.product-type.application";
		};
		627BDA4D2B46E1F000AF2190 /* TodoListTests */ = {
			isa = PBXNativeTarget;
			buildConfigurationList = 627BDA652B46E1F000AF2190 /* Build configuration list for PBXNativeTarget "TodoListTests" */;
			buildPhases = (
				627BDA4A2B46E1F000AF2190 /* Sources */,
				627BDA4B2B46E1F000AF2190 /* Frameworks */,
				627BDA4C2B46E1F000AF2190 /* Resources */,
			);
			buildRules = (
			);
			dependencies = (
				627BDA502B46E1F000AF2190 /* PBXTargetDependency */,
			);
			name = TodoListTests;
			productName = TodoListTests;
			productReference = 627BDA4E2B46E1F000AF2190 /* TodoListTests.xctest */;
			productType = "com.apple.product-type.bundle.unit-test";
		};
		627BDA572B46E1F000AF2190 /* TodoListUITests */ = {
			isa = PBXNativeTarget;
			buildConfigurationList = 627BDA682B46E1F000AF2190 /* Build configuration list for PBXNativeTarget "TodoListUITests" */;
			buildPhases = (
				627BDA542B46E1F000AF2190 /* Sources */,
				627BDA552B46E1F000AF2190 /* Frameworks */,
				627BDA562B46E1F000AF2190 /* Resources */,
			);
			buildRules = (
			);
			dependencies = (
				627BDA5A2B46E1F000AF2190 /* PBXTargetDependency */,
			);
			name = TodoListUITests;
			productName = TodoListUITests;
			productReference = 627BDA582B46E1F000AF2190 /* TodoListUITests.xctest */;
			productType = "com.apple.product-type.bundle.ui-testing";
		};
/* End PBXNativeTarget section */

/* Begin PBXProject section */
		627BDA362B46E1EE00AF2190 /* Project object */ = {
			isa = PBXProject;
			attributes = {
				BuildIndependentTargetsInParallel = 1;
				LastSwiftUpdateCheck = 1510;
				LastUpgradeCheck = 1510;
				TargetAttributes = {
					627BDA3D2B46E1EE00AF2190 = {
						CreatedOnToolsVersion = 15.1;
					};
					627BDA4D2B46E1F000AF2190 = {
						CreatedOnToolsVersion = 15.1;
						TestTargetID = 627BDA3D2B46E1EE00AF2190;
					};
					627BDA572B46E1F000AF2190 = {
						CreatedOnToolsVersion = 15.1;
						TestTargetID = 627BDA3D2B46E1EE00AF2190;
					};
				};
			};
			buildConfigurationList = 627BDA392B46E1EE00AF2190 /* Build configuration list for PBXProject "TodoList" */;
			compatibilityVersion = "Xcode 14.0";
			developmentRegion = en;
			hasScannedForEncodings = 0;
			knownRegions = (
				en,
				Base,
			);
			mainGroup = 627BDA352B46E1EE00AF2190;
			productRefGroup = 627BDA3F2B46E1EE00AF2190 /* Products */;
			projectDirPath = "";
			projectRoot = "";
			targets = (
				627BDA3D2B46E1EE00AF2190 /* TodoList */,
				627BDA4D2B46E1F000AF2190 /* TodoListTests */,
				627BDA572B46E1F000AF2190 /* TodoListUITests */,
			);
		};
/* End PBXProject section */

/* Begin PBXResourcesBuildPhase section */
		627BDA3C2B46E1EE00AF2190 /* Resources */ = {
			isa = PBXResourcesBuildPhase;
			buildActionMask = 2147483647;
			files = (
				627BDA982B48333E00AF2190 /* Degular-Bold.ttf in Resources */,
				627BDA9A2B48333E00AF2190 /* Degular-Semibold.ttf in Resources */,
				627BDA962B48333E00AF2190 /* BungeeLayers-Regular.otf in Resources */,
				627BDA992B48333E00AF2190 /* Degular-Medium.ttf in Resources */,
				627BDA492B46E1EF00AF2190 /* Preview Assets.xcassets in Resources */,
				627BDA972B48333E00AF2190 /* Degular-Regular.ttf in Resources */,
				627BDA462B46E1EF00AF2190 /* Assets.xcassets in Resources */,
			);
			runOnlyForDeploymentPostprocessing = 0;
		};
		627BDA4C2B46E1F000AF2190 /* Resources */ = {
			isa = PBXResourcesBuildPhase;
			buildActionMask = 2147483647;
			files = (
			);
			runOnlyForDeploymentPostprocessing = 0;
		};
		627BDA562B46E1F000AF2190 /* Resources */ = {
			isa = PBXResourcesBuildPhase;
			buildActionMask = 2147483647;
			files = (
			);
			runOnlyForDeploymentPostprocessing = 0;
		};
/* End PBXResourcesBuildPhase section */

/* Begin PBXSourcesBuildPhase section */
		627BDA3A2B46E1EE00AF2190 /* Sources */ = {
			isa = PBXSourcesBuildPhase;
			buildActionMask = 2147483647;
			files = (
				627BDA792B46E49800AF2190 /* ShadowView.swift in Sources */,
				627BDA442B46E1EE00AF2190 /* ContentView.swift in Sources */,
				627BDA752B46E3A800AF2190 /* Foundation+Utils.swift in Sources */,
				627BDA712B46E33300AF2190 /* CGFloat+Random.swift in Sources */,
				627BDA822B479E8600AF2190 /* Task.swift in Sources */,
				627BDA8C2B48320100AF2190 /* DateManager.swift in Sources */,
				627BDA8A2B4830EE00AF2190 /* AppConstants.swift in Sources */,
				627BDA9D2B4835B300AF2190 /* FillRandomizer.swift in Sources */,
				627BDA422B46E1EE00AF2190 /* TodoListApp.swift in Sources */,
				627BDA6D2B46E28B00AF2190 /* Color+Utils.swift in Sources */,
				627BDA872B482F8300AF2190 /* MainViewModel.swift in Sources */,
				627BDA772B46E40600AF2190 /* View+if.swift in Sources */,
				627BDA6F2B46E2C800AF2190 /* UIColor+Utils.swift in Sources */,
				627BDA842B479F1800AF2190 /* Category.swift in Sources */,
				627BDA7D2B479BD100AF2190 /* Combine+Keyboard.swift in Sources */,
				627BDA732B46E36800AF2190 /* UIImage+Color.swift in Sources */,
				627BDA802B479E1F00AF2190 /* User.swift in Sources */,
			);
			runOnlyForDeploymentPostprocessing = 0;
		};
		627BDA4A2B46E1F000AF2190 /* Sources */ = {
			isa = PBXSourcesBuildPhase;
			buildActionMask = 2147483647;
			files = (
				627BDA532B46E1F000AF2190 /* TodoListTests.swift in Sources */,
			);
			runOnlyForDeploymentPostprocessing = 0;
		};
		627BDA542B46E1F000AF2190 /* Sources */ = {
			isa = PBXSourcesBuildPhase;
			buildActionMask = 2147483647;
			files = (
				627BDA5F2B46E1F000AF2190 /* TodoListUITestsLaunchTests.swift in Sources */,
				627BDA5D2B46E1F000AF2190 /* TodoListUITests.swift in Sources */,
			);
			runOnlyForDeploymentPostprocessing = 0;
		};
/* End PBXSourcesBuildPhase section */

/* Begin PBXTargetDependency section */
		627BDA502B46E1F000AF2190 /* PBXTargetDependency */ = {
			isa = PBXTargetDependency;
			target = 627BDA3D2B46E1EE00AF2190 /* TodoList */;
			targetProxy = 627BDA4F2B46E1F000AF2190 /* PBXContainerItemProxy */;
		};
		627BDA5A2B46E1F000AF2190 /* PBXTargetDependency */ = {
			isa = PBXTargetDependency;
			target = 627BDA3D2B46E1EE00AF2190 /* TodoList */;
			targetProxy = 627BDA592B46E1F000AF2190 /* PBXContainerItemProxy */;
		};
/* End PBXTargetDependency section */

/* Begin XCBuildConfiguration section */
		627BDA602B46E1F000AF2190 /* Debug */ = {
			isa = XCBuildConfiguration;
			buildSettings = {
				ALWAYS_SEARCH_USER_PATHS = NO;
				ASSETCATALOG_COMPILER_GENERATE_SWIFT_ASSET_SYMBOL_EXTENSIONS = YES;
				CLANG_ANALYZER_NONNULL = YES;
				CLANG_ANALYZER_NUMBER_OBJECT_CONVERSION = YES_AGGRESSIVE;
				CLANG_CXX_LANGUAGE_STANDARD = "gnu++20";
				CLANG_ENABLE_MODULES = YES;
				CLANG_ENABLE_OBJC_ARC = YES;
				CLANG_ENABLE_OBJC_WEAK = YES;
				CLANG_WARN_BLOCK_CAPTURE_AUTORELEASING = YES;
				CLANG_WARN_BOOL_CONVERSION = YES;
				CLANG_WARN_COMMA = YES;
				CLANG_WARN_CONSTANT_CONVERSION = YES;
				CLANG_WARN_DEPRECATED_OBJC_IMPLEMENTATIONS = YES;
				CLANG_WARN_DIRECT_OBJC_ISA_USAGE = YES_ERROR;
				CLANG_WARN_DOCUMENTATION_COMMENTS = YES;
				CLANG_WARN_EMPTY_BODY = YES;
				CLANG_WARN_ENUM_CONVERSION = YES;
				CLANG_WARN_INFINITE_RECURSION = YES;
				CLANG_WARN_INT_CONVERSION = YES;
				CLANG_WARN_NON_LITERAL_NULL_CONVERSION = YES;
				CLANG_WARN_OBJC_IMPLICIT_RETAIN_SELF = YES;
				CLANG_WARN_OBJC_LITERAL_CONVERSION = YES;
				CLANG_WARN_OBJC_ROOT_CLASS = YES_ERROR;
				CLANG_WARN_QUOTED_INCLUDE_IN_FRAMEWORK_HEADER = YES;
				CLANG_WARN_RANGE_LOOP_ANALYSIS = YES;
				CLANG_WARN_STRICT_PROTOTYPES = YES;
				CLANG_WARN_SUSPICIOUS_MOVE = YES;
				CLANG_WARN_UNGUARDED_AVAILABILITY = YES_AGGRESSIVE;
				CLANG_WARN_UNREACHABLE_CODE = YES;
				CLANG_WARN__DUPLICATE_METHOD_MATCH = YES;
				COPY_PHASE_STRIP = NO;
				DEBUG_INFORMATION_FORMAT = dwarf;
				ENABLE_STRICT_OBJC_MSGSEND = YES;
				ENABLE_TESTABILITY = YES;
				ENABLE_USER_SCRIPT_SANDBOXING = YES;
				GCC_C_LANGUAGE_STANDARD = gnu17;
				GCC_DYNAMIC_NO_PIC = NO;
				GCC_NO_COMMON_BLOCKS = YES;
				GCC_OPTIMIZATION_LEVEL = 0;
				GCC_PREPROCESSOR_DEFINITIONS = (
					"DEBUG=1",
					"$(inherited)",
				);
				GCC_WARN_64_TO_32_BIT_CONVERSION = YES;
				GCC_WARN_ABOUT_RETURN_TYPE = YES_ERROR;
				GCC_WARN_UNDECLARED_SELECTOR = YES;
				GCC_WARN_UNINITIALIZED_AUTOS = YES_AGGRESSIVE;
				GCC_WARN_UNUSED_FUNCTION = YES;
				GCC_WARN_UNUSED_VARIABLE = YES;
				IPHONEOS_DEPLOYMENT_TARGET = 17.2;
				LOCALIZATION_PREFERS_STRING_CATALOGS = YES;
				MTL_ENABLE_DEBUG_INFO = INCLUDE_SOURCE;
				MTL_FAST_MATH = YES;
				ONLY_ACTIVE_ARCH = YES;
				SDKROOT = iphoneos;
				SWIFT_ACTIVE_COMPILATION_CONDITIONS = "DEBUG $(inherited)";
				SWIFT_OPTIMIZATION_LEVEL = "-Onone";
			};
			name = Debug;
		};
		627BDA612B46E1F000AF2190 /* Release */ = {
			isa = XCBuildConfiguration;
			buildSettings = {
				ALWAYS_SEARCH_USER_PATHS = NO;
				ASSETCATALOG_COMPILER_GENERATE_SWIFT_ASSET_SYMBOL_EXTENSIONS = YES;
				CLANG_ANALYZER_NONNULL = YES;
				CLANG_ANALYZER_NUMBER_OBJECT_CONVERSION = YES_AGGRESSIVE;
				CLANG_CXX_LANGUAGE_STANDARD = "gnu++20";
				CLANG_ENABLE_MODULES = YES;
				CLANG_ENABLE_OBJC_ARC = YES;
				CLANG_ENABLE_OBJC_WEAK = YES;
				CLANG_WARN_BLOCK_CAPTURE_AUTORELEASING = YES;
				CLANG_WARN_BOOL_CONVERSION = YES;
				CLANG_WARN_COMMA = YES;
				CLANG_WARN_CONSTANT_CONVERSION = YES;
				CLANG_WARN_DEPRECATED_OBJC_IMPLEMENTATIONS = YES;
				CLANG_WARN_DIRECT_OBJC_ISA_USAGE = YES_ERROR;
				CLANG_WARN_DOCUMENTATION_COMMENTS = YES;
				CLANG_WARN_EMPTY_BODY = YES;
				CLANG_WARN_ENUM_CONVERSION = YES;
				CLANG_WARN_INFINITE_RECURSION = YES;
				CLANG_WARN_INT_CONVERSION = YES;
				CLANG_WARN_NON_LITERAL_NULL_CONVERSION = YES;
				CLANG_WARN_OBJC_IMPLICIT_RETAIN_SELF = YES;
				CLANG_WARN_OBJC_LITERAL_CONVERSION = YES;
				CLANG_WARN_OBJC_ROOT_CLASS = YES_ERROR;
				CLANG_WARN_QUOTED_INCLUDE_IN_FRAMEWORK_HEADER = YES;
				CLANG_WARN_RANGE_LOOP_ANALYSIS = YES;
				CLANG_WARN_STRICT_PROTOTYPES = YES;
				CLANG_WARN_SUSPICIOUS_MOVE = YES;
				CLANG_WARN_UNGUARDED_AVAILABILITY = YES_AGGRESSIVE;
				CLANG_WARN_UNREACHABLE_CODE = YES;
				CLANG_WARN__DUPLICATE_METHOD_MATCH = YES;
				COPY_PHASE_STRIP = NO;
				DEBUG_INFORMATION_FORMAT = "dwarf-with-dsym";
				ENABLE_NS_ASSERTIONS = NO;
				ENABLE_STRICT_OBJC_MSGSEND = YES;
				ENABLE_USER_SCRIPT_SANDBOXING = YES;
				GCC_C_LANGUAGE_STANDARD = gnu17;
				GCC_NO_COMMON_BLOCKS = YES;
				GCC_WARN_64_TO_32_BIT_CONVERSION = YES;
				GCC_WARN_ABOUT_RETURN_TYPE = YES_ERROR;
				GCC_WARN_UNDECLARED_SELECTOR = YES;
				GCC_WARN_UNINITIALIZED_AUTOS = YES_AGGRESSIVE;
				GCC_WARN_UNUSED_FUNCTION = YES;
				GCC_WARN_UNUSED_VARIABLE = YES;
				IPHONEOS_DEPLOYMENT_TARGET = 17.2;
				LOCALIZATION_PREFERS_STRING_CATALOGS = YES;
				MTL_ENABLE_DEBUG_INFO = NO;
				MTL_FAST_MATH = YES;
				SDKROOT = iphoneos;
				SWIFT_COMPILATION_MODE = wholemodule;
				VALIDATE_PRODUCT = YES;
			};
			name = Release;
		};
		627BDA632B46E1F000AF2190 /* Debug */ = {
			isa = XCBuildConfiguration;
			buildSettings = {
				ASSETCATALOG_COMPILER_APPICON_NAME = AppIcon;
				ASSETCATALOG_COMPILER_GLOBAL_ACCENT_COLOR_NAME = AccentColor;
				CODE_SIGN_STYLE = Automatic;
				CURRENT_PROJECT_VERSION = 1;
				DEVELOPMENT_ASSET_PATHS = "\"TodoList/Preview Content\"";
				DEVELOPMENT_TEAM = PVKFJ5KXUY;
				ENABLE_PREVIEWS = YES;
				GENERATE_INFOPLIST_FILE = YES;
				INFOPLIST_FILE = TodoList/Info.plist;
				INFOPLIST_KEY_UIApplicationSceneManifest_Generation = YES;
				INFOPLIST_KEY_UIApplicationSupportsIndirectInputEvents = YES;
				INFOPLIST_KEY_UILaunchScreen_Generation = YES;
				INFOPLIST_KEY_UISupportedInterfaceOrientations_iPad = "UIInterfaceOrientationPortrait UIInterfaceOrientationPortraitUpsideDown UIInterfaceOrientationLandscapeLeft UIInterfaceOrientationLandscapeRight";
				INFOPLIST_KEY_UISupportedInterfaceOrientations_iPhone = "UIInterfaceOrientationPortrait UIInterfaceOrientationLandscapeLeft UIInterfaceOrientationLandscapeRight";
				LD_RUNPATH_SEARCH_PATHS = (
					"$(inherited)",
					"@executable_path/Frameworks",
				);
				MARKETING_VERSION = 1.0;
				PRODUCT_BUNDLE_IDENTIFIER = net.insoc.TodoList;
				PRODUCT_NAME = "$(TARGET_NAME)";
				SWIFT_EMIT_LOC_STRINGS = YES;
				SWIFT_VERSION = 5.0;
				TARGETED_DEVICE_FAMILY = "1,2";
			};
			name = Debug;
		};
		627BDA642B46E1F000AF2190 /* Release */ = {
			isa = XCBuildConfiguration;
			buildSettings = {
				ASSETCATALOG_COMPILER_APPICON_NAME = AppIcon;
				ASSETCATALOG_COMPILER_GLOBAL_ACCENT_COLOR_NAME = AccentColor;
				CODE_SIGN_STYLE = Automatic;
				CURRENT_PROJECT_VERSION = 1;
				DEVELOPMENT_ASSET_PATHS = "\"TodoList/Preview Content\"";
				DEVELOPMENT_TEAM = PVKFJ5KXUY;
				ENABLE_PREVIEWS = YES;
				GENERATE_INFOPLIST_FILE = YES;
				INFOPLIST_FILE = TodoList/Info.plist;
				INFOPLIST_KEY_UIApplicationSceneManifest_Generation = YES;
				INFOPLIST_KEY_UIApplicationSupportsIndirectInputEvents = YES;
				INFOPLIST_KEY_UILaunchScreen_Generation = YES;
				INFOPLIST_KEY_UISupportedInterfaceOrientations_iPad = "UIInterfaceOrientationPortrait UIInterfaceOrientationPortraitUpsideDown UIInterfaceOrientationLandscapeLeft UIInterfaceOrientationLandscapeRight";
				INFOPLIST_KEY_UISupportedInterfaceOrientations_iPhone = "UIInterfaceOrientationPortrait UIInterfaceOrientationLandscapeLeft UIInterfaceOrientationLandscapeRight";
				LD_RUNPATH_SEARCH_PATHS = (
					"$(inherited)",
					"@executable_path/Frameworks",
				);
				MARKETING_VERSION = 1.0;
				PRODUCT_BUNDLE_IDENTIFIER = net.insoc.TodoList;
				PRODUCT_NAME = "$(TARGET_NAME)";
				SWIFT_EMIT_LOC_STRINGS = YES;
				SWIFT_VERSION = 5.0;
				TARGETED_DEVICE_FAMILY = "1,2";
			};
			name = Release;
		};
		627BDA662B46E1F000AF2190 /* Debug */ = {
			isa = XCBuildConfiguration;
			buildSettings = {
				ALWAYS_EMBED_SWIFT_STANDARD_LIBRARIES = YES;
				BUNDLE_LOADER = "$(TEST_HOST)";
				CODE_SIGN_STYLE = Automatic;
				CURRENT_PROJECT_VERSION = 1;
				DEVELOPMENT_TEAM = PVKFJ5KXUY;
				GENERATE_INFOPLIST_FILE = YES;
				IPHONEOS_DEPLOYMENT_TARGET = 17.2;
				MARKETING_VERSION = 1.0;
				PRODUCT_BUNDLE_IDENTIFIER = net.insoc.TodoListTests;
				PRODUCT_NAME = "$(TARGET_NAME)";
				SWIFT_EMIT_LOC_STRINGS = NO;
				SWIFT_VERSION = 5.0;
				TARGETED_DEVICE_FAMILY = "1,2";
				TEST_HOST = "$(BUILT_PRODUCTS_DIR)/TodoList.app/$(BUNDLE_EXECUTABLE_FOLDER_PATH)/TodoList";
			};
			name = Debug;
		};
		627BDA672B46E1F000AF2190 /* Release */ = {
			isa = XCBuildConfiguration;
			buildSettings = {
				ALWAYS_EMBED_SWIFT_STANDARD_LIBRARIES = YES;
				BUNDLE_LOADER = "$(TEST_HOST)";
				CODE_SIGN_STYLE = Automatic;
				CURRENT_PROJECT_VERSION = 1;
				DEVELOPMENT_TEAM = PVKFJ5KXUY;
				GENERATE_INFOPLIST_FILE = YES;
				IPHONEOS_DEPLOYMENT_TARGET = 17.2;
				MARKETING_VERSION = 1.0;
				PRODUCT_BUNDLE_IDENTIFIER = net.insoc.TodoListTests;
				PRODUCT_NAME = "$(TARGET_NAME)";
				SWIFT_EMIT_LOC_STRINGS = NO;
				SWIFT_VERSION = 5.0;
				TARGETED_DEVICE_FAMILY = "1,2";
				TEST_HOST = "$(BUILT_PRODUCTS_DIR)/TodoList.app/$(BUNDLE_EXECUTABLE_FOLDER_PATH)/TodoList";
			};
			name = Release;
		};
		627BDA692B46E1F000AF2190 /* Debug */ = {
			isa = XCBuildConfiguration;
			buildSettings = {
				ALWAYS_EMBED_SWIFT_STANDARD_LIBRARIES = YES;
				CODE_SIGN_STYLE = Automatic;
				CURRENT_PROJECT_VERSION = 1;
				DEVELOPMENT_TEAM = PVKFJ5KXUY;
				GENERATE_INFOPLIST_FILE = YES;
				MARKETING_VERSION = 1.0;
				PRODUCT_BUNDLE_IDENTIFIER = net.insoc.TodoListUITests;
				PRODUCT_NAME = "$(TARGET_NAME)";
				SWIFT_EMIT_LOC_STRINGS = NO;
				SWIFT_VERSION = 5.0;
				TARGETED_DEVICE_FAMILY = "1,2";
				TEST_TARGET_NAME = TodoList;
			};
			name = Debug;
		};
		627BDA6A2B46E1F000AF2190 /* Release */ = {
			isa = XCBuildConfiguration;
			buildSettings = {
				ALWAYS_EMBED_SWIFT_STANDARD_LIBRARIES = YES;
				CODE_SIGN_STYLE = Automatic;
				CURRENT_PROJECT_VERSION = 1;
				DEVELOPMENT_TEAM = PVKFJ5KXUY;
				GENERATE_INFOPLIST_FILE = YES;
				MARKETING_VERSION = 1.0;
				PRODUCT_BUNDLE_IDENTIFIER = net.insoc.TodoListUITests;
				PRODUCT_NAME = "$(TARGET_NAME)";
				SWIFT_EMIT_LOC_STRINGS = NO;
				SWIFT_VERSION = 5.0;
				TARGETED_DEVICE_FAMILY = "1,2";
				TEST_TARGET_NAME = TodoList;
			};
			name = Release;
		};
/* End XCBuildConfiguration section */

/* Begin XCConfigurationList section */
		627BDA392B46E1EE00AF2190 /* Build configuration list for PBXProject "TodoList" */ = {
			isa = XCConfigurationList;
			buildConfigurations = (
				627BDA602B46E1F000AF2190 /* Debug */,
				627BDA612B46E1F000AF2190 /* Release */,
			);
			defaultConfigurationIsVisible = 0;
			defaultConfigurationName = Release;
		};
		627BDA622B46E1F000AF2190 /* Build configuration list for PBXNativeTarget "TodoList" */ = {
			isa = XCConfigurationList;
			buildConfigurations = (
				627BDA632B46E1F000AF2190 /* Debug */,
				627BDA642B46E1F000AF2190 /* Release */,
			);
			defaultConfigurationIsVisible = 0;
			defaultConfigurationName = Release;
		};
		627BDA652B46E1F000AF2190 /* Build configuration list for PBXNativeTarget "TodoListTests" */ = {
			isa = XCConfigurationList;
			buildConfigurations = (
				627BDA662B46E1F000AF2190 /* Debug */,
				627BDA672B46E1F000AF2190 /* Release */,
			);
			defaultConfigurationIsVisible = 0;
			defaultConfigurationName = Release;
		};
		627BDA682B46E1F000AF2190 /* Build configuration list for PBXNativeTarget "TodoListUITests" */ = {
			isa = XCConfigurationList;
			buildConfigurations = (
				627BDA692B46E1F000AF2190 /* Debug */,
				627BDA6A2B46E1F000AF2190 /* Release */,
			);
			defaultConfigurationIsVisible = 0;
			defaultConfigurationName = Release;
		};
/* End XCConfigurationList section */
	};
	rootObject = 627BDA362B46E1EE00AF2190 /* Project object */;
}
